// !$*UTF8*$!
{
	archiveVersion = 1;
	classes = {
	};
	objectVersion = 55;
	objects = {

/* Begin PBXBuildFile section */
		8941E8AA28BB353200683D66 /* SettingsStore.swift in Sources */ = {isa = PBXBuildFile; fileRef = 8941E8A928BB353200683D66 /* SettingsStore.swift */; };
		89490A9228B0F5A3008F5F1C /* BattleshipApp.swift in Sources */ = {isa = PBXBuildFile; fileRef = 89490A9128B0F5A3008F5F1C /* BattleshipApp.swift */; };
		89490A9428B0F5A3008F5F1C /* ContentView.swift in Sources */ = {isa = PBXBuildFile; fileRef = 89490A9328B0F5A3008F5F1C /* ContentView.swift */; };
		89490A9628B0F5A4008F5F1C /* Assets.xcassets in Resources */ = {isa = PBXBuildFile; fileRef = 89490A9528B0F5A4008F5F1C /* Assets.xcassets */; };
		89490A9928B0F5A4008F5F1C /* Preview Assets.xcassets in Resources */ = {isa = PBXBuildFile; fileRef = 89490A9828B0F5A4008F5F1C /* Preview Assets.xcassets */; };
		89490AA228B0F5D0008F5F1C /* Coordinate.swift in Sources */ = {isa = PBXBuildFile; fileRef = 89490AA128B0F5D0008F5F1C /* Coordinate.swift */; };
		89490AA428B0F5D8008F5F1C /* Fleet.swift in Sources */ = {isa = PBXBuildFile; fileRef = 89490AA328B0F5D8008F5F1C /* Fleet.swift */; };
		89490AA628B0F5DF008F5F1C /* Ship.swift in Sources */ = {isa = PBXBuildFile; fileRef = 89490AA528B0F5DF008F5F1C /* Ship.swift */; };
		89490AA828B0F5F3008F5F1C /* ShipCompartment.swift in Sources */ = {isa = PBXBuildFile; fileRef = 89490AA728B0F5F3008F5F1C /* ShipCompartment.swift */; };
		89490AAA28B0F5FB008F5F1C /* Ocean.swift in Sources */ = {isa = PBXBuildFile; fileRef = 89490AA928B0F5FB008F5F1C /* Ocean.swift */; };
		89490AAC28B0F604008F5F1C /* OceanZoneState.swift in Sources */ = {isa = PBXBuildFile; fileRef = 89490AAB28B0F604008F5F1C /* OceanZoneState.swift */; };
		89490AAE28B0F60C008F5F1C /* Game.swift in Sources */ = {isa = PBXBuildFile; fileRef = 89490AAD28B0F60C008F5F1C /* Game.swift */; };
		89490AB028B0F61B008F5F1C /* ToolbarView.swift in Sources */ = {isa = PBXBuildFile; fileRef = 89490AAF28B0F61B008F5F1C /* ToolbarView.swift */; };
		89490AB228B0F628008F5F1C /* OceanZoneView.swift in Sources */ = {isa = PBXBuildFile; fileRef = 89490AB128B0F628008F5F1C /* OceanZoneView.swift */; };
		89490AB428B0F633008F5F1C /* OceanView.swift in Sources */ = {isa = PBXBuildFile; fileRef = 89490AB328B0F633008F5F1C /* OceanView.swift */; };
		89490AB628B0F63C008F5F1C /* MenuView.swift in Sources */ = {isa = PBXBuildFile; fileRef = 89490AB528B0F63C008F5F1C /* MenuView.swift */; };
		89490AB828B0F643008F5F1C /* GameView.swift in Sources */ = {isa = PBXBuildFile; fileRef = 89490AB728B0F643008F5F1C /* GameView.swift */; };
		89490ABA28B0F64D008F5F1C /* LeaderboardView.swift in Sources */ = {isa = PBXBuildFile; fileRef = 89490AB928B0F64D008F5F1C /* LeaderboardView.swift */; };
		89490ABC28B0FC35008F5F1C /* HowToPlayView.swift in Sources */ = {isa = PBXBuildFile; fileRef = 89490ABB28B0FC35008F5F1C /* HowToPlayView.swift */; };
		89761C8128BB2A52006CFE6F /* SettingsView.swift in Sources */ = {isa = PBXBuildFile; fileRef = 89761C8028BB2A52006CFE6F /* SettingsView.swift */; };
		898B6E3028B1ED4200957F56 /* FirebaseFirestore in Frameworks */ = {isa = PBXBuildFile; productRef = 898B6E2F28B1ED4200957F56 /* FirebaseFirestore */; };
		898B6E3228B1F5A600957F56 /* GoogleService-Info.plist in Resources */ = {isa = PBXBuildFile; fileRef = 898B6E3128B1F5A600957F56 /* GoogleService-Info.plist */; };
		89F2EC5F28B755BA0049C5FD /* LogInView.swift in Sources */ = {isa = PBXBuildFile; fileRef = 89F2EC5E28B755BA0049C5FD /* LogInView.swift */; };
		89F2EC6128B759200049C5FD /* SignUpView.swift in Sources */ = {isa = PBXBuildFile; fileRef = 89F2EC6028B759200049C5FD /* SignUpView.swift */; };
		89F2EC6328B79F580049C5FD /* User.swift in Sources */ = {isa = PBXBuildFile; fileRef = 89F2EC6228B79F580049C5FD /* User.swift */; };
/* End PBXBuildFile section */

/* Begin PBXFileReference section */
		8941E8A928BB353200683D66 /* SettingsStore.swift */ = {isa = PBXFileReference; lastKnownFileType = sourcecode.swift; path = SettingsStore.swift; sourceTree = "<group>"; };
		89490A8E28B0F5A3008F5F1C /* Battleship.app */ = {isa = PBXFileReference; explicitFileType = wrapper.application; includeInIndex = 0; path = Battleship.app; sourceTree = BUILT_PRODUCTS_DIR; };
		89490A9128B0F5A3008F5F1C /* BattleshipApp.swift */ = {isa = PBXFileReference; lastKnownFileType = sourcecode.swift; path = BattleshipApp.swift; sourceTree = "<group>"; };
		89490A9328B0F5A3008F5F1C /* ContentView.swift */ = {isa = PBXFileReference; lastKnownFileType = sourcecode.swift; path = ContentView.swift; sourceTree = "<group>"; };
		89490A9528B0F5A4008F5F1C /* Assets.xcassets */ = {isa = PBXFileReference; lastKnownFileType = folder.assetcatalog; path = Assets.xcassets; sourceTree = "<group>"; };
		89490A9828B0F5A4008F5F1C /* Preview Assets.xcassets */ = {isa = PBXFileReference; lastKnownFileType = folder.assetcatalog; path = "Preview Assets.xcassets"; sourceTree = "<group>"; };
		89490AA128B0F5D0008F5F1C /* Coordinate.swift */ = {isa = PBXFileReference; lastKnownFileType = sourcecode.swift; path = Coordinate.swift; sourceTree = "<group>"; };
		89490AA328B0F5D8008F5F1C /* Fleet.swift */ = {isa = PBXFileReference; lastKnownFileType = sourcecode.swift; path = Fleet.swift; sourceTree = "<group>"; };
		89490AA528B0F5DF008F5F1C /* Ship.swift */ = {isa = PBXFileReference; lastKnownFileType = sourcecode.swift; path = Ship.swift; sourceTree = "<group>"; };
		89490AA728B0F5F3008F5F1C /* ShipCompartment.swift */ = {isa = PBXFileReference; lastKnownFileType = sourcecode.swift; path = ShipCompartment.swift; sourceTree = "<group>"; };
		89490AA928B0F5FB008F5F1C /* Ocean.swift */ = {isa = PBXFileReference; lastKnownFileType = sourcecode.swift; path = Ocean.swift; sourceTree = "<group>"; };
		89490AAB28B0F604008F5F1C /* OceanZoneState.swift */ = {isa = PBXFileReference; lastKnownFileType = sourcecode.swift; path = OceanZoneState.swift; sourceTree = "<group>"; };
		89490AAD28B0F60C008F5F1C /* Game.swift */ = {isa = PBXFileReference; lastKnownFileType = sourcecode.swift; path = Game.swift; sourceTree = "<group>"; };
		89490AAF28B0F61B008F5F1C /* ToolbarView.swift */ = {isa = PBXFileReference; lastKnownFileType = sourcecode.swift; path = ToolbarView.swift; sourceTree = "<group>"; };
		89490AB128B0F628008F5F1C /* OceanZoneView.swift */ = {isa = PBXFileReference; lastKnownFileType = sourcecode.swift; path = OceanZoneView.swift; sourceTree = "<group>"; };
		89490AB328B0F633008F5F1C /* OceanView.swift */ = {isa = PBXFileReference; lastKnownFileType = sourcecode.swift; path = OceanView.swift; sourceTree = "<group>"; };
		89490AB528B0F63C008F5F1C /* MenuView.swift */ = {isa = PBXFileReference; lastKnownFileType = sourcecode.swift; path = MenuView.swift; sourceTree = "<group>"; };
		89490AB728B0F643008F5F1C /* GameView.swift */ = {isa = PBXFileReference; lastKnownFileType = sourcecode.swift; path = GameView.swift; sourceTree = "<group>"; };
		89490AB928B0F64D008F5F1C /* LeaderboardView.swift */ = {isa = PBXFileReference; lastKnownFileType = sourcecode.swift; path = LeaderboardView.swift; sourceTree = "<group>"; };
		89490ABB28B0FC35008F5F1C /* HowToPlayView.swift */ = {isa = PBXFileReference; lastKnownFileType = sourcecode.swift; path = HowToPlayView.swift; sourceTree = "<group>"; };
		89761C8028BB2A52006CFE6F /* SettingsView.swift */ = {isa = PBXFileReference; lastKnownFileType = sourcecode.swift; path = SettingsView.swift; sourceTree = "<group>"; };
		89761C8228BB2EFA006CFE6F /* Battleship.entitlements */ = {isa = PBXFileReference; lastKnownFileType = text.plist.entitlements; path = Battleship.entitlements; sourceTree = "<group>"; };
		898B6E3128B1F5A600957F56 /* GoogleService-Info.plist */ = {isa = PBXFileReference; lastKnownFileType = text.plist; name = "GoogleService-Info.plist"; path = "Battleship/GoogleService-Info.plist"; sourceTree = SOURCE_ROOT; };
		89F2EC5E28B755BA0049C5FD /* LogInView.swift */ = {isa = PBXFileReference; lastKnownFileType = sourcecode.swift; path = LogInView.swift; sourceTree = "<group>"; };
		89F2EC6028B759200049C5FD /* SignUpView.swift */ = {isa = PBXFileReference; lastKnownFileType = sourcecode.swift; path = SignUpView.swift; sourceTree = "<group>"; };
		89F2EC6228B79F580049C5FD /* User.swift */ = {isa = PBXFileReference; lastKnownFileType = sourcecode.swift; path = User.swift; sourceTree = "<group>"; };
/* End PBXFileReference section */

/* Begin PBXFrameworksBuildPhase section */
		89490A8B28B0F5A3008F5F1C /* Frameworks */ = {
			isa = PBXFrameworksBuildPhase;
			buildActionMask = 2147483647;
			files = (
				898B6E3028B1ED4200957F56 /* FirebaseFirestore in Frameworks */,
			);
			runOnlyForDeploymentPostprocessing = 0;
		};
/* End PBXFrameworksBuildPhase section */

/* Begin PBXGroup section */
		89490A8528B0F5A3008F5F1C = {
			isa = PBXGroup;
			children = (
				89490A9028B0F5A3008F5F1C /* Battleship */,
				89490A8F28B0F5A3008F5F1C /* Products */,
			);
			sourceTree = "<group>";
		};
		89490A8F28B0F5A3008F5F1C /* Products */ = {
			isa = PBXGroup;
			children = (
				89490A8E28B0F5A3008F5F1C /* Battleship.app */,
			);
			name = Products;
			sourceTree = "<group>";
		};
		89490A9028B0F5A3008F5F1C /* Battleship */ = {
			isa = PBXGroup;
			children = (
				89761C8228BB2EFA006CFE6F /* Battleship.entitlements */,
				89490A9F28B0F5BC008F5F1C /* Model */,
				89490AA028B0F5C5008F5F1C /* View */,
				89490A9128B0F5A3008F5F1C /* BattleshipApp.swift */,
				898B6E3128B1F5A600957F56 /* GoogleService-Info.plist */,
				89490A9528B0F5A4008F5F1C /* Assets.xcassets */,
				89490A9728B0F5A4008F5F1C /* Preview Content */,
			);
			path = Battleship;
			sourceTree = "<group>";
		};
		89490A9728B0F5A4008F5F1C /* Preview Content */ = {
			isa = PBXGroup;
			children = (
				89490A9828B0F5A4008F5F1C /* Preview Assets.xcassets */,
			);
			path = "Preview Content";
			sourceTree = "<group>";
		};
		89490A9F28B0F5BC008F5F1C /* Model */ = {
			isa = PBXGroup;
			children = (
				89490AA128B0F5D0008F5F1C /* Coordinate.swift */,
				89490AA328B0F5D8008F5F1C /* Fleet.swift */,
				89490AA528B0F5DF008F5F1C /* Ship.swift */,
				89490AA728B0F5F3008F5F1C /* ShipCompartment.swift */,
				89490AA928B0F5FB008F5F1C /* Ocean.swift */,
				89490AAB28B0F604008F5F1C /* OceanZoneState.swift */,
				89490AAD28B0F60C008F5F1C /* Game.swift */,
				89F2EC6228B79F580049C5FD /* User.swift */,
				8941E8A928BB353200683D66 /* SettingsStore.swift */,
			);
			path = Model;
			sourceTree = "<group>";
		};
		89490AA028B0F5C5008F5F1C /* View */ = {
			isa = PBXGroup;
			children = (
				89490A9328B0F5A3008F5F1C /* ContentView.swift */,
				89490AAF28B0F61B008F5F1C /* ToolbarView.swift */,
				89490AB128B0F628008F5F1C /* OceanZoneView.swift */,
				89490AB328B0F633008F5F1C /* OceanView.swift */,
				89490AB528B0F63C008F5F1C /* MenuView.swift */,
				89490AB728B0F643008F5F1C /* GameView.swift */,
				89490AB928B0F64D008F5F1C /* LeaderboardView.swift */,
				89490ABB28B0FC35008F5F1C /* HowToPlayView.swift */,
				89F2EC5E28B755BA0049C5FD /* LogInView.swift */,
				89F2EC6028B759200049C5FD /* SignUpView.swift */,
				89761C8028BB2A52006CFE6F /* SettingsView.swift */,
			);
			path = View;
			sourceTree = "<group>";
		};
/* End PBXGroup section */

/* Begin PBXNativeTarget section */
		89490A8D28B0F5A3008F5F1C /* Battleship */ = {
			isa = PBXNativeTarget;
			buildConfigurationList = 89490A9C28B0F5A4008F5F1C /* Build configuration list for PBXNativeTarget "Battleship" */;
			buildPhases = (
				89490A8A28B0F5A3008F5F1C /* Sources */,
				89490A8B28B0F5A3008F5F1C /* Frameworks */,
				89490A8C28B0F5A3008F5F1C /* Resources */,
			);
			buildRules = (
			);
			dependencies = (
			);
			name = Battleship;
			packageProductDependencies = (
				898B6E2F28B1ED4200957F56 /* FirebaseFirestore */,
			);
			productName = Battleship;
			productReference = 89490A8E28B0F5A3008F5F1C /* Battleship.app */;
			productType = "com.apple.product-type.application";
		};
/* End PBXNativeTarget section */

/* Begin PBXProject section */
		89490A8628B0F5A3008F5F1C /* Project object */ = {
			isa = PBXProject;
			attributes = {
				BuildIndependentTargetsInParallel = 1;
				LastSwiftUpdateCheck = 1340;
				LastUpgradeCheck = 1340;
				TargetAttributes = {
					89490A8D28B0F5A3008F5F1C = {
						CreatedOnToolsVersion = 13.4.1;
					};
				};
			};
			buildConfigurationList = 89490A8928B0F5A3008F5F1C /* Build configuration list for PBXProject "Battleship" */;
			compatibilityVersion = "Xcode 13.0";
			developmentRegion = en;
			hasScannedForEncodings = 0;
			knownRegions = (
				en,
				Base,
			);
			mainGroup = 89490A8528B0F5A3008F5F1C;
			packageReferences = (
				898B6E2E28B1ED4200957F56 /* XCRemoteSwiftPackageReference "firebase-ios-sdk" */,
			);
			productRefGroup = 89490A8F28B0F5A3008F5F1C /* Products */;
			projectDirPath = "";
			projectRoot = "";
			targets = (
				89490A8D28B0F5A3008F5F1C /* Battleship */,
			);
		};
/* End PBXProject section */

/* Begin PBXResourcesBuildPhase section */
		89490A8C28B0F5A3008F5F1C /* Resources */ = {
			isa = PBXResourcesBuildPhase;
			buildActionMask = 2147483647;
			files = (
				89490A9928B0F5A4008F5F1C /* Preview Assets.xcassets in Resources */,
				89490A9628B0F5A4008F5F1C /* Assets.xcassets in Resources */,
				898B6E3228B1F5A600957F56 /* GoogleService-Info.plist in Resources */,
			);
			runOnlyForDeploymentPostprocessing = 0;
		};
/* End PBXResourcesBuildPhase section */

/* Begin PBXSourcesBuildPhase section */
		89490A8A28B0F5A3008F5F1C /* Sources */ = {
			isa = PBXSourcesBuildPhase;
			buildActionMask = 2147483647;
			files = (
				89490ABC28B0FC35008F5F1C /* HowToPlayView.swift in Sources */,
				89F2EC5F28B755BA0049C5FD /* LogInView.swift in Sources */,
				89490AAA28B0F5FB008F5F1C /* Ocean.swift in Sources */,
				89490AAE28B0F60C008F5F1C /* Game.swift in Sources */,
				89490A9428B0F5A3008F5F1C /* ContentView.swift in Sources */,
				89761C8128BB2A52006CFE6F /* SettingsView.swift in Sources */,
				89490AB428B0F633008F5F1C /* OceanView.swift in Sources */,
				89490AAC28B0F604008F5F1C /* OceanZoneState.swift in Sources */,
				89490A9228B0F5A3008F5F1C /* BattleshipApp.swift in Sources */,
				89490AB828B0F643008F5F1C /* GameView.swift in Sources */,
				8941E8AA28BB353200683D66 /* SettingsStore.swift in Sources */,
				89490AA828B0F5F3008F5F1C /* ShipCompartment.swift in Sources */,
				89490AB628B0F63C008F5F1C /* MenuView.swift in Sources */,
				89490AB028B0F61B008F5F1C /* ToolbarView.swift in Sources */,
				89490ABA28B0F64D008F5F1C /* LeaderboardView.swift in Sources */,
				89490AA428B0F5D8008F5F1C /* Fleet.swift in Sources */,
				89490AB228B0F628008F5F1C /* OceanZoneView.swift in Sources */,
				89490AA228B0F5D0008F5F1C /* Coordinate.swift in Sources */,
				89F2EC6128B759200049C5FD /* SignUpView.swift in Sources */,
				89490AA628B0F5DF008F5F1C /* Ship.swift in Sources */,
				89F2EC6328B79F580049C5FD /* User.swift in Sources */,
			);
			runOnlyForDeploymentPostprocessing = 0;
		};
/* End PBXSourcesBuildPhase section */

/* Begin XCBuildConfiguration section */
		89490A9A28B0F5A4008F5F1C /* Debug */ = {
			isa = XCBuildConfiguration;
			buildSettings = {
				ALWAYS_SEARCH_USER_PATHS = NO;
				CLANG_ANALYZER_NONNULL = YES;
				CLANG_ANALYZER_NUMBER_OBJECT_CONVERSION = YES_AGGRESSIVE;
				CLANG_CXX_LANGUAGE_STANDARD = "gnu++17";
				CLANG_ENABLE_MODULES = YES;
				CLANG_ENABLE_OBJC_ARC = YES;
				CLANG_ENABLE_OBJC_WEAK = YES;
				CLANG_WARN_BLOCK_CAPTURE_AUTORELEASING = YES;
				CLANG_WARN_BOOL_CONVERSION = YES;
				CLANG_WARN_COMMA = YES;
				CLANG_WARN_CONSTANT_CONVERSION = YES;
				CLANG_WARN_DEPRECATED_OBJC_IMPLEMENTATIONS = YES;
				CLANG_WARN_DIRECT_OBJC_ISA_USAGE = YES_ERROR;
				CLANG_WARN_DOCUMENTATION_COMMENTS = YES;
				CLANG_WARN_EMPTY_BODY = YES;
				CLANG_WARN_ENUM_CONVERSION = YES;
				CLANG_WARN_INFINITE_RECURSION = YES;
				CLANG_WARN_INT_CONVERSION = YES;
				CLANG_WARN_NON_LITERAL_NULL_CONVERSION = YES;
				CLANG_WARN_OBJC_IMPLICIT_RETAIN_SELF = YES;
				CLANG_WARN_OBJC_LITERAL_CONVERSION = YES;
				CLANG_WARN_OBJC_ROOT_CLASS = YES_ERROR;
				CLANG_WARN_QUOTED_INCLUDE_IN_FRAMEWORK_HEADER = YES;
				CLANG_WARN_RANGE_LOOP_ANALYSIS = YES;
				CLANG_WARN_STRICT_PROTOTYPES = YES;
				CLANG_WARN_SUSPICIOUS_MOVE = YES;
				CLANG_WARN_UNGUARDED_AVAILABILITY = YES_AGGRESSIVE;
				CLANG_WARN_UNREACHABLE_CODE = YES;
				CLANG_WARN__DUPLICATE_METHOD_MATCH = YES;
				COPY_PHASE_STRIP = NO;
				DEBUG_INFORMATION_FORMAT = dwarf;
				ENABLE_STRICT_OBJC_MSGSEND = YES;
				ENABLE_TESTABILITY = YES;
				GCC_C_LANGUAGE_STANDARD = gnu11;
				GCC_DYNAMIC_NO_PIC = NO;
				GCC_NO_COMMON_BLOCKS = YES;
				GCC_OPTIMIZATION_LEVEL = 0;
				GCC_PREPROCESSOR_DEFINITIONS = (
					"DEBUG=1",
					"$(inherited)",
				);
				GCC_WARN_64_TO_32_BIT_CONVERSION = YES;
				GCC_WARN_ABOUT_RETURN_TYPE = YES_ERROR;
				GCC_WARN_UNDECLARED_SELECTOR = YES;
				GCC_WARN_UNINITIALIZED_AUTOS = YES_AGGRESSIVE;
				GCC_WARN_UNUSED_FUNCTION = YES;
				GCC_WARN_UNUSED_VARIABLE = YES;
				IPHONEOS_DEPLOYMENT_TARGET = 15.5;
				MTL_ENABLE_DEBUG_INFO = INCLUDE_SOURCE;
				MTL_FAST_MATH = YES;
				ONLY_ACTIVE_ARCH = YES;
				SDKROOT = iphoneos;
				SWIFT_ACTIVE_COMPILATION_CONDITIONS = DEBUG;
				SWIFT_OPTIMIZATION_LEVEL = "-Onone";
			};
			name = Debug;
		};
		89490A9B28B0F5A4008F5F1C /* Release */ = {
			isa = XCBuildConfiguration;
			buildSettings = {
				ALWAYS_SEARCH_USER_PATHS = NO;
				CLANG_ANALYZER_NONNULL = YES;
				CLANG_ANALYZER_NUMBER_OBJECT_CONVERSION = YES_AGGRESSIVE;
				CLANG_CXX_LANGUAGE_STANDARD = "gnu++17";
				CLANG_ENABLE_MODULES = YES;
				CLANG_ENABLE_OBJC_ARC = YES;
				CLANG_ENABLE_OBJC_WEAK = YES;
				CLANG_WARN_BLOCK_CAPTURE_AUTORELEASING = YES;
				CLANG_WARN_BOOL_CONVERSION = YES;
				CLANG_WARN_COMMA = YES;
				CLANG_WARN_CONSTANT_CONVERSION = YES;
				CLANG_WARN_DEPRECATED_OBJC_IMPLEMENTATIONS = YES;
				CLANG_WARN_DIRECT_OBJC_ISA_USAGE = YES_ERROR;
				CLANG_WARN_DOCUMENTATION_COMMENTS = YES;
				CLANG_WARN_EMPTY_BODY = YES;
				CLANG_WARN_ENUM_CONVERSION = YES;
				CLANG_WARN_INFINITE_RECURSION = YES;
				CLANG_WARN_INT_CONVERSION = YES;
				CLANG_WARN_NON_LITERAL_NULL_CONVERSION = YES;
				CLANG_WARN_OBJC_IMPLICIT_RETAIN_SELF = YES;
				CLANG_WARN_OBJC_LITERAL_CONVERSION = YES;
				CLANG_WARN_OBJC_ROOT_CLASS = YES_ERROR;
				CLANG_WARN_QUOTED_INCLUDE_IN_FRAMEWORK_HEADER = YES;
				CLANG_WARN_RANGE_LOOP_ANALYSIS = YES;
				CLANG_WARN_STRICT_PROTOTYPES = YES;
				CLANG_WARN_SUSPICIOUS_MOVE = YES;
				CLANG_WARN_UNGUARDED_AVAILABILITY = YES_AGGRESSIVE;
				CLANG_WARN_UNREACHABLE_CODE = YES;
				CLANG_WARN__DUPLICATE_METHOD_MATCH = YES;
				COPY_PHASE_STRIP = NO;
				DEBUG_INFORMATION_FORMAT = "dwarf-with-dsym";
				ENABLE_NS_ASSERTIONS = NO;
				ENABLE_STRICT_OBJC_MSGSEND = YES;
				GCC_C_LANGUAGE_STANDARD = gnu11;
				GCC_NO_COMMON_BLOCKS = YES;
				GCC_WARN_64_TO_32_BIT_CONVERSION = YES;
				GCC_WARN_ABOUT_RETURN_TYPE = YES_ERROR;
				GCC_WARN_UNDECLARED_SELECTOR = YES;
				GCC_WARN_UNINITIALIZED_AUTOS = YES_AGGRESSIVE;
				GCC_WARN_UNUSED_FUNCTION = YES;
				GCC_WARN_UNUSED_VARIABLE = YES;
				IPHONEOS_DEPLOYMENT_TARGET = 15.5;
				MTL_ENABLE_DEBUG_INFO = NO;
				MTL_FAST_MATH = YES;
				SDKROOT = iphoneos;
				SWIFT_COMPILATION_MODE = wholemodule;
				SWIFT_OPTIMIZATION_LEVEL = "-O";
				VALIDATE_PRODUCT = YES;
			};
			name = Release;
		};
		89490A9D28B0F5A4008F5F1C /* Debug */ = {
			isa = XCBuildConfiguration;
			buildSettings = {
				ASSETCATALOG_COMPILER_APPICON_NAME = AppIcon;
				ASSETCATALOG_COMPILER_GLOBAL_ACCENT_COLOR_NAME = AccentColor;
				CODE_SIGN_ENTITLEMENTS = Battleship/Battleship.entitlements;
				CODE_SIGN_STYLE = Automatic;
				CURRENT_PROJECT_VERSION = 1;
				DEVELOPMENT_ASSET_PATHS = "\"Battleship/Preview Content\"";
				DEVELOPMENT_TEAM = TD436425T2;
				ENABLE_PREVIEWS = YES;
				GENERATE_INFOPLIST_FILE = YES;
				INFOPLIST_KEY_UIApplicationSceneManifest_Generation = YES;
				INFOPLIST_KEY_UIApplicationSupportsIndirectInputEvents = YES;
				INFOPLIST_KEY_UILaunchScreen_Generation = YES;
				INFOPLIST_KEY_UISupportedInterfaceOrientations_iPad = "UIInterfaceOrientationPortrait UIInterfaceOrientationPortraitUpsideDown UIInterfaceOrientationLandscapeLeft UIInterfaceOrientationLandscapeRight";
				INFOPLIST_KEY_UISupportedInterfaceOrientations_iPhone = "UIInterfaceOrientationPortrait UIInterfaceOrientationLandscapeLeft UIInterfaceOrientationLandscapeRight";
				LD_RUNPATH_SEARCH_PATHS = (
					"$(inherited)",
					"@executable_path/Frameworks",
				);
				MARKETING_VERSION = 1.0;
				PRODUCT_BUNDLE_IDENTIFIER = vn.rmit.edu.Battleship;
				PRODUCT_NAME = "$(TARGET_NAME)";
				SUPPORTS_MACCATALYST = YES;
				SWIFT_EMIT_LOC_STRINGS = YES;
				SWIFT_VERSION = 5.0;
				TARGETED_DEVICE_FAMILY = "1,2";
			};
			name = Debug;
		};
		89490A9E28B0F5A4008F5F1C /* Release */ = {
			isa = XCBuildConfiguration;
			buildSettings = {
				ASSETCATALOG_COMPILER_APPICON_NAME = AppIcon;
				ASSETCATALOG_COMPILER_GLOBAL_ACCENT_COLOR_NAME = AccentColor;
				CODE_SIGN_ENTITLEMENTS = Battleship/Battleship.entitlements;
				CODE_SIGN_STYLE = Automatic;
				CURRENT_PROJECT_VERSION = 1;
				DEVELOPMENT_ASSET_PATHS = "\"Battleship/Preview Content\"";
				DEVELOPMENT_TEAM = TD436425T2;
				ENABLE_PREVIEWS = YES;
				GENERATE_INFOPLIST_FILE = YES;
				INFOPLIST_KEY_UIApplicationSceneManifest_Generation = YES;
				INFOPLIST_KEY_UIApplicationSupportsIndirectInputEvents = YES;
				INFOPLIST_KEY_UILaunchScreen_Generation = YES;
				INFOPLIST_KEY_UISupportedInterfaceOrientations_iPad = "UIInterfaceOrientationPortrait UIInterfaceOrientationPortraitUpsideDown UIInterfaceOrientationLandscapeLeft UIInterfaceOrientationLandscapeRight";
				INFOPLIST_KEY_UISupportedInterfaceOrientations_iPhone = "UIInterfaceOrientationPortrait UIInterfaceOrientationLandscapeLeft UIInterfaceOrientationLandscapeRight";
				LD_RUNPATH_SEARCH_PATHS = (
					"$(inherited)",
					"@executable_path/Frameworks",
				);
				MARKETING_VERSION = 1.0;
				PRODUCT_BUNDLE_IDENTIFIER = vn.rmit.edu.Battleship;
				PRODUCT_NAME = "$(TARGET_NAME)";
				SUPPORTS_MACCATALYST = YES;
				SWIFT_EMIT_LOC_STRINGS = YES;
				SWIFT_VERSION = 5.0;
				TARGETED_DEVICE_FAMILY = "1,2";
			};
			name = Release;
		};
/* End XCBuildConfiguration section */

/* Begin XCConfigurationList section */
		89490A8928B0F5A3008F5F1C /* Build configuration list for PBXProject "Battleship" */ = {
			isa = XCConfigurationList;
			buildConfigurations = (
				89490A9A28B0F5A4008F5F1C /* Debug */,
				89490A9B28B0F5A4008F5F1C /* Release */,
			);
			defaultConfigurationIsVisible = 0;
			defaultConfigurationName = Release;
		};
		89490A9C28B0F5A4008F5F1C /* Build configuration list for PBXNativeTarget "Battleship" */ = {
			isa = XCConfigurationList;
			buildConfigurations = (
				89490A9D28B0F5A4008F5F1C /* Debug */,
				89490A9E28B0F5A4008F5F1C /* Release */,
			);
			defaultConfigurationIsVisible = 0;
			defaultConfigurationName = Release;
		};
/* End XCConfigurationList section */

/* Begin XCRemoteSwiftPackageReference section */
		898B6E2E28B1ED4200957F56 /* XCRemoteSwiftPackageReference "firebase-ios-sdk" */ = {
			isa = XCRemoteSwiftPackageReference;
			repositoryURL = "https://github.com/firebase/firebase-ios-sdk";
			requirement = {
				kind = upToNextMajorVersion;
				minimumVersion = 9.0.0;
			};
		};
/* End XCRemoteSwiftPackageReference section */

/* Begin XCSwiftPackageProductDependency section */
		898B6E2F28B1ED4200957F56 /* FirebaseFirestore */ = {
			isa = XCSwiftPackageProductDependency;
			package = 898B6E2E28B1ED4200957F56 /* XCRemoteSwiftPackageReference "firebase-ios-sdk" */;
			productName = FirebaseFirestore;
		};
/* End XCSwiftPackageProductDependency section */
	};
	rootObject = 89490A8628B0F5A3008F5F1C /* Project object */;
}
